Microsoft Visual Studio Solution File, Format Version 12.00
# Visual Studio Version 17
VisualStudioVersion = 17.5.2.0
MinimumVisualStudioVersion = 10.0.40219.1
Project("{FAE04EC0-301F-11D3-BF4B-00C04F79EFBC}") = "steadystate", "steadystate.csproj", "{9D1B48B6-3BA1-9946-C37E-C4F9F979878B}"
EndProject
Global
	GlobalSection(SolutionConfigurationPlatforms) = preSolution
		Debug|Any CPU = Debug|Any CPU
		Release|Any CPU = Release|Any CPU
	EndGlobalSection
	GlobalSection(ProjectConfigurationPlatforms) = postSolution
		{9D1B48B6-3BA1-9946-C37E-C4F9F979878B}.Debug|Any CPU.ActiveCfg = Debug|Any CPU
		{9D1B48B6-3BA1-9946-C37E-C4F9F979878B}.Debug|Any CPU.Build.0 = Debug|Any CPU
		{9D1B48B6-3BA1-9946-C37E-C4F9F979878B}.Release|Any CPU.ActiveCfg = Release|Any CPU
		{9D1B48B6-3BA1-9946-C37E-C4F9F979878B}.Release|Any CPU.Build.0 = Release|Any CPU
	EndGlobalSection
	GlobalSection(SolutionProperties) = preSolution
		HideSolutionNode = FALSE
	EndGlobalSection
	GlobalSection(ExtensibilityGlobals) = postSolution
		SolutionGuid = {92503874-158D-4C07-B4EC-B33869ED1F6A}
	EndGlobalSection
EndGlobal
